
Microsoft Visual Studio Solution File, Format Version 12.00
# Visual Studio Version 16
VisualStudioVersion = 16.0.30104.148
MinimumVisualStudioVersion = 10.0.40219.1
Project("{9A19103F-16F7-4668-BE54-9A1E7A4F7556}") = "ITZWebClientApp", "ITZWebClientApp.csproj", "{759E9156-F7E9-48E0-8C4E-0F81A18E14E0}"
EndProject
Project("{9A19103F-16F7-4668-BE54-9A1E7A4F7556}") = "ForgeLibs", "..\ForgeLibs\ForgeLibs.csproj", "{EABE1FE5-24C4-4DFF-B75E-F59350246AA4}"
EndProject
Global
	GlobalSection(SolutionConfigurationPlatforms) = preSolution
		Debug|Any CPU = Debug|Any CPU
		Release|Any CPU = Release|Any CPU
	EndGlobalSection
	GlobalSection(ProjectConfigurationPlatforms) = postSolution
		{759E9156-F7E9-48E0-8C4E-0F81A18E14E0}.Debug|Any CPU.ActiveCfg = Debug|Any CPU
		{759E9156-F7E9-48E0-8C4E-0F81A18E14E0}.Debug|Any CPU.Build.0 = Debug|Any CPU
		{759E9156-F7E9-48E0-8C4E-0F81A18E14E0}.Release|Any CPU.ActiveCfg = Release|Any CPU
		{759E9156-F7E9-48E0-8C4E-0F81A18E14E0}.Release|Any CPU.Build.0 = Release|Any CPU
		{EABE1FE5-24C4-4DFF-B75E-F59350246AA4}.Debug|Any CPU.ActiveCfg = Debug|Any CPU
		{EABE1FE5-24C4-4DFF-B75E-F59350246AA4}.Debug|Any CPU.Build.0 = Debug|Any CPU
		{EABE1FE5-24C4-4DFF-B75E-F59350246AA4}.Release|Any CPU.ActiveCfg = Release|Any CPU
		{EABE1FE5-24C4-4DFF-B75E-F59350246AA4}.Release|Any CPU.Build.0 = Release|Any CPU
	EndGlobalSection
	GlobalSection(SolutionProperties) = preSolution
		HideSolutionNode = FALSE
	EndGlobalSection
	GlobalSection(ExtensibilityGlobals) = postSolution
		SolutionGuid = {C443DDC0-B25E-4DC4-9686-2DB1FFD5FAC3}
	EndGlobalSection
EndGlobal
